{
  "name": "tcc_1",
  "lockfileVersion": 3,
  "requires": true,
  "packages": {
    "": {
      "dependencies": {
        "bun": "^1.1.14"
      }
    },
    "node_modules/@oven/bun-darwin-aarch64": {
      "version": "1.1.14",
      "resolved": "https://registry.npmjs.org/@oven/bun-darwin-aarch64/-/bun-darwin-aarch64-1.1.14.tgz",
      "integrity": "sha512-zdgLlQ9+SUOgJzTMQyb0lnX2MRtFgVApXPR9c0lSVUqPbfcGogVDRuNFWdYK96wjUkrCJIvYeu5rbMGcnJD1Qg==",
      "cpu": [
        "arm64"
      ],
      "optional": true,
      "os": [
        "darwin"
      ]
    },
    "node_modules/@oven/bun-darwin-x64": {
      "version": "1.1.14",
      "resolved": "https://registry.npmjs.org/@oven/bun-darwin-x64/-/bun-darwin-x64-1.1.14.tgz",
      "integrity": "sha512-CEoFw0udQRann0Vj3Et1/nW6MV3EY/kZ+lNkSCCmFEvq1HDLB+Wbicgnt9GbEElw6XXXKm4FdxMYnOJzfeanYQ==",
      "cpu": [
        "x64"
      ],
      "optional": true,
      "os": [
        "darwin"
      ]
    },
    "node_modules/@oven/bun-darwin-x64-baseline": {
      "version": "1.1.14",
      "resolved": "https://registry.npmjs.org/@oven/bun-darwin-x64-baseline/-/bun-darwin-x64-baseline-1.1.14.tgz",
      "integrity": "sha512-k1vKXmOQ9+Rdj6dkgPIo0MWKmEf9+CmjyD2GZkRM6dxufiytNSuE5yT8FQMtb2Yg1I8OFH/+kUiNxn2eIKurRw==",
      "cpu": [
        "x64"
      ],
      "optional": true,
      "os": [
        "darwin"
      ]
    },
    "node_modules/@oven/bun-linux-aarch64": {
      "version": "1.1.14",
      "resolved": "https://registry.npmjs.org/@oven/bun-linux-aarch64/-/bun-linux-aarch64-1.1.14.tgz",
      "integrity": "sha512-uHI7jk47C6wwG/y90W35NttyDrKLWum1pa5PfpuMi8+LpxnRGi0doGXN73RwdJy+qnYp2OjJTo60X++GMn9GmA==",
      "cpu": [
        "arm64"
      ],
      "optional": true,
      "os": [
        "linux"
      ]
    },
    "node_modules/@oven/bun-linux-x64": {
      "version": "1.1.14",
      "resolved": "https://registry.npmjs.org/@oven/bun-linux-x64/-/bun-linux-x64-1.1.14.tgz",
      "integrity": "sha512-t2b6pDSlV2Uke6ON5eSx1hk/o+f4s8Nr+E1djx9fNqrvz58UF4zmilQoEKDhciuRUKvhMkroddiORpxIMiKIjA==",
      "cpu": [
        "x64"
      ],
      "optional": true,
      "os": [
        "linux"
      ]
    },
    "node_modules/@oven/bun-linux-x64-baseline": {
      "version": "1.1.14",
      "resolved": "https://registry.npmjs.org/@oven/bun-linux-x64-baseline/-/bun-linux-x64-baseline-1.1.14.tgz",
      "integrity": "sha512-7otawHLy8ec0iN0wr7sznkOpMhofZCfJeA4vWp+5D/yhXg8ZxVaK7xJ1aWBlBLHAMX8tWTkrUjB6X2iQFtvZvQ==",
      "cpu": [
        "x64"
      ],
      "optional": true,
      "os": [
        "linux"
      ]
    },
    "node_modules/@oven/bun-windows-x64": {
      "version": "1.1.14",
      "resolved": "https://registry.npmjs.org/@oven/bun-windows-x64/-/bun-windows-x64-1.1.14.tgz",
      "integrity": "sha512-hZ+Z0zgO6FM63U99wkF0YvTLm/Tcfa4ue5U9JOGc8K05DLBS4gHp6f0bngzd3EvIEz+mfc+zcYPR954dYHT9AA==",
      "cpu": [
        "x64"
      ],
      "optional": true,
      "os": [
        "win32"
      ]
    },
    "node_modules/@oven/bun-windows-x64-baseline": {
      "version": "1.1.14",
      "resolved": "https://registry.npmjs.org/@oven/bun-windows-x64-baseline/-/bun-windows-x64-baseline-1.1.14.tgz",
      "integrity": "sha512-oK7y0q5sICni6771q+xvJ40dqzg0l+x2IdkN8V2I5QMzQCqFIVPhwPmOX5+2JsMp9ILQtYeioyL60kCDgIguDw==",
      "cpu": [
        "x64"
      ],
      "optional": true,
      "os": [
        "win32"
      ]
    },
    "node_modules/bun": {
      "version": "1.1.14",
      "resolved": "https://registry.npmjs.org/bun/-/bun-1.1.14.tgz",
      "integrity": "sha512-LqbB6Xr8bU6D9K18UOrzmLLPYOS9CQ3SGW+JvTUli/eYW4y70yzdCr6JZiw3pk0V8ZqHn9Kmg3c8/7rF2XIM8g==",
      "cpu": [
        "arm64",
        "x64"
      ],
      "hasInstallScript": true,
      "os": [
        "darwin",
        "linux",
        "win32"
      ],
      "bin": {
        "bun": "bin/bun.exe",
        "bunx": "bin/bun.exe"
      },
      "optionalDependencies": {
        "@oven/bun-darwin-aarch64": "1.1.14",
        "@oven/bun-darwin-x64": "1.1.14",
        "@oven/bun-darwin-x64-baseline": "1.1.14",
        "@oven/bun-linux-aarch64": "1.1.14",
        "@oven/bun-linux-x64": "1.1.14",
        "@oven/bun-linux-x64-baseline": "1.1.14",
        "@oven/bun-windows-x64": "1.1.14",
        "@oven/bun-windows-x64-baseline": "1.1.14"
      }
    }
  }
}
